{
    "_meta": {
        "hash": {
            "sha256": "c05c6f9bc9cc4942bdefa7f9e44b7da48ac1f8ea78ee5a2cc9755e8dd6ca676c"
        },
        "pipfile-spec": 6,
        "requires": {
            "python_version": "3.8"
        },
        "sources": [
            {
                "name": "pypi",
                "url": "https://pypi.org/simple",
                "verify_ssl": true
            }
        ]
    },
    "default": {
        "aggdraw": {
            "hashes": [
                "sha256:02ad4b31804a815d4e802a29893e3d2ebcb186691e7a4843746cd11ccec55aeb",
                "sha256:0510db8ad1030532e7ed104a9ca09f4b6691bc179955c351e45e34ec7184c70b",
                "sha256:0db0fd497fc919d4d353b41c4af62754cbbf2dee7c23f63505dd5ec6bb1a4d4d",
                "sha256:0ec16d58854522b582e4c83e7c8e2086c07ec0fe1a119c2de5a3287c2f52f422",
                "sha256:0ecdafedf9723a6231dbc02bd2a0ef114c87c5dcab1a2ce3d46e4b9efb823ddb",
                "sha256:1d15b673003ed5a205ac20e158a74afb29d7da21a6210878dfcddd91c92d1be0",
                "sha256:1ffc197a5463b8316a702a28f7297d717f479622c665ad35a53d120fb4eaf6ca",
                "sha256:20cab8d1b830fd42ded4841891194414186a3520cb1f6bfc72f415739c1acb51",
                "sha256:35308909cf9a78d3499d00394683e71cafff9353cfefb8cd51d03547253513d9",
                "sha256:397e2434dd94f0368cd0d77873a0f9343452181a27bedb4243a956f542f4e665",
                "sha256:3e192690812b57da9cbef69966b0b91578aceab69af1235edd406c12309b555c",
                "sha256:429fe14093f74df52840706cb644a33a42c98626e9f0b16673de576c92892f68",
                "sha256:45088606a496c26fdd398e17b8d0a9608b43ebd9831ea0b167ba8b1e789ea37e",
                "sha256:6f77d925fc57fc1bc4345f02b84e30e55aa24334e1aa923cc72ebbb61445acea",
                "sha256:867aa70f189b97de52ef55629990706ee331bb2693fd8e4456f9738c626e8293",
                "sha256:8bd59e39d955bb7c84b5c2582c52111a591b883eca508268399d8afda2dd8ea8",
                "sha256:93c1246f5877b4ff9b2773fa1a16c012a4efe8ab9eddb310e1341b529d2d9b58",
                "sha256:9aba19855e6b23c36e18a9462ad319ad11a7c222d33341ae21a5669840e5018d",
                "sha256:c83c9f50ae249d9821037461ec4050a6b56173f4223d9985aa46b096fb548451",
                "sha256:d9628cd3acc63e05d2391c8f3a8d0ef64b37798eea9bc8c69acf242203d0758f",
                "sha256:e0771ce1ddbbc30df37a0122c736d2ea332e15d0fe3d0f3e8b5730ca6129893d",
                "sha256:f1a6ce32c692da750eb64fb5f4a37e82e7964e043e283a1496fddd813ae84c75",
                "sha256:f4daec70913d96a147eebf6e55c9dca54c6bd4b5337cc4565293444378d2f84f",
                "sha256:fb48f079637803354fc001dc162efbac8904fe53bec12d668be77016c0ee3da2",
                "sha256:fda5090d06c5a603af1cd83754b82aed6be2d4e4a5a43def13aded3085f5d450"
            ],
            "markers": "python_version >= '3.7'",
            "version": "==1.3.15"
        },
        "asgiref": {
            "hashes": [
                "sha256:1d2880b792ae8757289136f1db2b7b99100ce959b2aa57fd69dab783d05afac4",
                "sha256:4a29362a6acebe09bf1d6640db38c1dc3d9217c68e6f9f6204d72667fc19a424"
            ],
            "markers": "python_version >= '3.7'",
            "version": "==3.5.2"
        },
        "attrs": {
            "hashes": [
                "sha256:29adc2665447e5191d0e7c568fde78b21f9672d344281d0c6e1ab085429b22b6",
                "sha256:86efa402f67bf2df34f51a335487cf46b1ec130d02b8d39fd248abfd30da551c"
            ],
            "markers": "python_version >= '3.5'",
            "version": "==22.1.0"
        },
        "django": {
            "hashes": [
                "sha256:2f1ba1db8648484dd5c238fb62504777b7ad090c81c5f1fd8d5eb5ec21b5f283",
                "sha256:c91c91a7ad6ef67a874a4f76f58ba534f9208412692a840e1d125eb5c279cb0a"
            ],
            "index": "pypi",
            "version": "==3.0.3"
        },
        "docopt": {
            "hashes": [
                "sha256:49b3a825280bd66b3aa83585ef59c4a8c82f2c8a522dbe754a8bc8d08c85c491"
            ],
            "version": "==0.6.2"
        },
        "pillow": {
            "hashes": [
                "sha256:03150abd92771742d4a8cd6f2fa6246d847dcd2e332a18d0c15cc75bf6703040",
                "sha256:073adb2ae23431d3b9bcbcff3fe698b62ed47211d0716b067385538a1b0f28b8",
                "sha256:0b07fffc13f474264c336298d1b4ce01d9c5a011415b79d4ee5527bb69ae6f65",
                "sha256:0b7257127d646ff8676ec8a15520013a698d1fdc48bc2a79ba4e53df792526f2",
                "sha256:12ce4932caf2ddf3e41d17fc9c02d67126935a44b86df6a206cf0d7161548627",
                "sha256:15c42fb9dea42465dfd902fb0ecf584b8848ceb28b41ee2b58f866411be33f07",
                "sha256:18498994b29e1cf86d505edcb7edbe814d133d2232d256db8c7a8ceb34d18cef",
                "sha256:1c7c8ae3864846fc95f4611c78129301e203aaa2af813b703c55d10cc1628535",
                "sha256:22b012ea2d065fd163ca096f4e37e47cd8b59cf4b0fd47bfca6abb93df70b34c",
                "sha256:276a5ca930c913f714e372b2591a22c4bd3b81a418c0f6635ba832daec1cbcfc",
                "sha256:2e0918e03aa0c72ea56edbb00d4d664294815aa11291a11504a377ea018330d3",
                "sha256:3033fbe1feb1b59394615a1cafaee85e49d01b51d54de0cbf6aa8e64182518a1",
                "sha256:3168434d303babf495d4ba58fc22d6604f6e2afb97adc6a423e917dab828939c",
                "sha256:32a44128c4bdca7f31de5be641187367fe2a450ad83b833ef78910397db491aa",
                "sha256:3dd6caf940756101205dffc5367babf288a30043d35f80936f9bfb37f8355b32",
                "sha256:40e1ce476a7804b0fb74bcfa80b0a2206ea6a882938eaba917f7a0f004b42502",
                "sha256:41e0051336807468be450d52b8edd12ac60bebaa97fe10c8b660f116e50b30e4",
                "sha256:4390e9ce199fc1951fcfa65795f239a8a4944117b5935a9317fb320e7767b40f",
                "sha256:502526a2cbfa431d9fc2a079bdd9061a2397b842bb6bc4239bb176da00993812",
                "sha256:51e0e543a33ed92db9f5ef69a0356e0b1a7a6b6a71b80df99f1d181ae5875636",
                "sha256:57751894f6618fd4308ed8e0c36c333e2f5469744c34729a27532b3db106ee20",
                "sha256:5d77adcd56a42d00cc1be30843d3426aa4e660cab4a61021dc84467123f7a00c",
                "sha256:655a83b0058ba47c7c52e4e2df5ecf484c1b0b0349805896dd350cbc416bdd91",
                "sha256:68943d632f1f9e3dce98908e873b3a090f6cba1cbb1b892a9e8d97c938871fbe",
                "sha256:6c738585d7a9961d8c2821a1eb3dcb978d14e238be3d70f0a706f7fa9316946b",
                "sha256:73bd195e43f3fadecfc50c682f5055ec32ee2c933243cafbfdec69ab1aa87cad",
                "sha256:772a91fc0e03eaf922c63badeca75e91baa80fe2f5f87bdaed4280662aad25c9",
                "sha256:77ec3e7be99629898c9a6d24a09de089fa5356ee408cdffffe62d67bb75fdd72",
                "sha256:7db8b751ad307d7cf238f02101e8e36a128a6cb199326e867d1398067381bff4",
                "sha256:801ec82e4188e935c7f5e22e006d01611d6b41661bba9fe45b60e7ac1a8f84de",
                "sha256:82409ffe29d70fd733ff3c1025a602abb3e67405d41b9403b00b01debc4c9a29",
                "sha256:828989c45c245518065a110434246c44a56a8b2b2f6347d1409c787e6e4651ee",
                "sha256:829f97c8e258593b9daa80638aee3789b7df9da5cf1336035016d76f03b8860c",
                "sha256:871b72c3643e516db4ecf20efe735deb27fe30ca17800e661d769faab45a18d7",
                "sha256:89dca0ce00a2b49024df6325925555d406b14aa3efc2f752dbb5940c52c56b11",
                "sha256:90fb88843d3902fe7c9586d439d1e8c05258f41da473952aa8b328d8b907498c",
                "sha256:97aabc5c50312afa5e0a2b07c17d4ac5e865b250986f8afe2b02d772567a380c",
                "sha256:9aaa107275d8527e9d6e7670b64aabaaa36e5b6bd71a1015ddd21da0d4e06448",
                "sha256:9f47eabcd2ded7698106b05c2c338672d16a6f2a485e74481f524e2a23c2794b",
                "sha256:a0a06a052c5f37b4ed81c613a455a81f9a3a69429b4fd7bb913c3fa98abefc20",
                "sha256:ab388aaa3f6ce52ac1cb8e122c4bd46657c15905904b3120a6248b5b8b0bc228",
                "sha256:ad58d27a5b0262c0c19b47d54c5802db9b34d38bbf886665b626aff83c74bacd",
                "sha256:ae5331c23ce118c53b172fa64a4c037eb83c9165aba3a7ba9ddd3ec9fa64a699",
                "sha256:af0372acb5d3598f36ec0914deed2a63f6bcdb7b606da04dc19a88d31bf0c05b",
                "sha256:afa4107d1b306cdf8953edde0534562607fe8811b6c4d9a486298ad31de733b2",
                "sha256:b03ae6f1a1878233ac620c98f3459f79fd77c7e3c2b20d460284e1fb370557d4",
                "sha256:b0915e734b33a474d76c28e07292f196cdf2a590a0d25bcc06e64e545f2d146c",
                "sha256:b4012d06c846dc2b80651b120e2cdd787b013deb39c09f407727ba90015c684f",
                "sha256:b472b5ea442148d1c3e2209f20f1e0bb0eb556538690fa70b5e1f79fa0ba8dc2",
                "sha256:b59430236b8e58840a0dfb4099a0e8717ffb779c952426a69ae435ca1f57210c",
                "sha256:b90f7616ea170e92820775ed47e136208e04c967271c9ef615b6fbd08d9af0e3",
                "sha256:b9a65733d103311331875c1dca05cb4606997fd33d6acfed695b1232ba1df193",
                "sha256:bac18ab8d2d1e6b4ce25e3424f709aceef668347db8637c2296bcf41acb7cf48",
                "sha256:bca31dd6014cb8b0b2db1e46081b0ca7d936f856da3b39744aef499db5d84d02",
                "sha256:be55f8457cd1eac957af0c3f5ece7bc3f033f89b114ef30f710882717670b2a8",
                "sha256:c7025dce65566eb6e89f56c9509d4f628fddcedb131d9465cacd3d8bac337e7e",
                "sha256:c935a22a557a560108d780f9a0fc426dd7459940dc54faa49d83249c8d3e760f",
                "sha256:dbb8e7f2abee51cef77673be97760abff1674ed32847ce04b4af90f610144c7b",
                "sha256:e6ea6b856a74d560d9326c0f5895ef8050126acfdc7ca08ad703eb0081e82b74",
                "sha256:ebf2029c1f464c59b8bdbe5143c79fa2045a581ac53679733d3a91d400ff9efb",
                "sha256:f1ff2ee69f10f13a9596480335f406dd1f70c3650349e2be67ca3139280cade0"
            ],
            "index": "pypi",
            "version": "==9.3.0"
        },
        "psd-tools": {
            "hashes": [
                "sha256:0741c8cd3832c27bce99b830910dd332c1c2f9c6bd1020e1aa6d53f67d02e3dd",
                "sha256:1126ef2d57b48c05668cfeef8aff41ca6120e8794e4e798ee9558e38267b053e",
                "sha256:116b688bdf876b020fd4045968e35a1ed6212f48b367ea2c511d2508e6e43398",
                "sha256:16afd82d75d146de8a03a972a770b6411f94be690cea5d5236d9d983f989d4f7",
                "sha256:1c4eac969e975069e598546381cd5a9c56e548354b02929c44acf32a6319fa60",
                "sha256:2d4bbb8e1441096cf896b8e21657582cdc14f7c1285fc00590b0f0846a05cae7",
                "sha256:3c4cec656354cd3325e392afa23902777f675823346d09f02fa4c0760c86fa05",
                "sha256:422ec67d93527a84ddbaee0f249b13a93332aea486d5a40ba4df83145224414d",
                "sha256:44a78f8346c00a5e6318245b199133ac6182bb64b0f2ecadcbdc92bb1ec503f9",
                "sha256:473c0e13a24bd9c4d0ab1aafee09d2a0ad9b18ad9625d27ae3e108a7d277ef25",
                "sha256:49615c34f1e6968c4f3d2b4b1701804879756695eca8011d9e99fd9557162620",
                "sha256:69687c48056783e4ded0f304501a1f1aff39288c5d263ce85fc29ac1509425dd",
                "sha256:69897a064be554e2d021c5bbc73e0275f2b4969b2b30ced9f993afe820fdfbd1",
                "sha256:6cbe36a95c86db7f43a0869d6587a492c548d68b362e1424a9f26068d3f6f8ae",
                "sha256:7fa81ba38388ac1760ae61229681f46a7fc2ed96cb2d435b616873a73e668b64",
                "sha256:9ab1c7213afa5f69a7f2a8f17982576ac349604ddc1d84cad6ec328a22d5c401",
                "sha256:9b6bff2bf67d17fd511c4a55b15051ab4292bb74f92269b168b2cf275d1efa2e",
                "sha256:9fb8c2b8e9ff3a4656ad52606fcc62be2f75f9586ff7cb4bc9dc922909546128",
                "sha256:a17726b494cbd74cfbb9fac019ae9719e1087dfc1e9055e24d69068c62c790ef",
                "sha256:b04da48037d563ef7ef4006d9d5a4922a4c89106451f005764ee973630a3b813",
                "sha256:b4501ecaef9a9a8d5b6e5c4b518b14fa6505f21accd4681bef48ad9a0e413ba3",
                "sha256:b5c9a9427dba1ddc8c69200bfbb9c7551bab48c4fac6022feecda42db772ba85",
                "sha256:baadce2eee5ee7f5df79b8ac31166109f641eae19746bf96b797fe8608cd1528",
                "sha256:bf4ecfdeac3a8f8c5a36f14d3d8241236e512cde1ad196055f422c0565b2870b",
                "sha256:c9244c13d16e451c7e42f074aa0fe764806c775bba3fa667934aee679c965678",
                "sha256:d282d1144c2eb83fe97f91c231531da48ec6b8fabf4809ec52d8bcd1ddd8c701"
            ],
            "index": "pypi",
            "version": "==1.8.38"
        },
        "pytz": {
            "hashes": [
                "sha256:1c557d7d0e871de1f5ccd5833f60fb2550652da6be2693c1e02300743d21500d",
                "sha256:b02c06db6cf09c12dd25137e563b31700d3b80fcc4ad23abb7a315f2789819be"
            ],
            "index": "pypi",
            "version": "==2019.3"
        },
        "sqlparse": {
            "hashes": [
                "sha256:0323c0ec29cd52bceabc1b4d9d579e311f3e4961b98d174201d5622a23b85e34",
                "sha256:69ca804846bb114d2ec380e4360a8a340db83f0ccf3afceeb1404df028f57268"
            ],
            "markers": "python_version >= '3.5'",
            "version": "==0.4.3"
        }
    },
    "develop": {
        "autopep8": {
            "hashes": [
                "sha256:0f592a0447acea0c2b0a9602be1e4e3d86db52badd2e3c84f0193bfd89fd3a43"
            ],
            "index": "pypi",
            "version": "==1.5"
        },
        "entrypoints": {
            "hashes": [
                "sha256:589f874b313739ad35be6e0cd7efde2a4e9b6fea91edcc34e58ecbb8dbe56d19",
                "sha256:c70dd71abe5a8c85e55e12c19bd91ccfeec11a6e99044204511f9ed547d48451"
            ],
            "markers": "python_version >= '2.7'",
            "version": "==0.3"
        },
        "flake8": {
            "hashes": [
                "sha256:45681a117ecc81e870cbf1262835ae4af5e7a8b08e40b944a8a6e6b895914cfb",
                "sha256:49356e766643ad15072a789a20915d3c91dc89fd313ccd71802303fd67e4deca"
            ],
            "index": "pypi",
            "version": "==3.7.9"
        },
        "mccabe": {
            "hashes": [
                "sha256:ab8a6258860da4b6677da4bd2fe5dc2c659cff31b3ee4f7f5d64e79735b80d42",
                "sha256:dd8d182285a0fe56bace7f45b5e7d1a6ebcbf524e8f3bd87eb0f125271b8831f"
            ],
            "version": "==0.6.1"
        },
        "pycodestyle": {
            "hashes": [
                "sha256:95a2219d12372f05704562a14ec30bc76b05a5b297b21a5dfe3f6fac3491ae56",
                "sha256:e40a936c9a450ad81df37f549d676d127b1b66000a6c500caa2b085bc0ca976c"
            ],
            "markers": "python_version >= '2.7' and python_version not in '3.0, 3.1, 3.2, 3.3'",
            "version": "==2.5.0"
        },
        "pyflakes": {
            "hashes": [
                "sha256:17dbeb2e3f4d772725c777fabc446d5634d1038f234e77343108ce445ea69ce0",
                "sha256:d976835886f8c5b31d47970ed689944a0262b5f3afa00a5a7b4dc81e5449f8a2"
            ],
            "markers": "python_version >= '2.7' and python_version not in '3.0, 3.1, 3.2, 3.3'",
            "version": "==2.1.1"
        }
    }
}
