{
    "_meta": {
        "hash": {
            "sha256": "c05c6f9bc9cc4942bdefa7f9e44b7da48ac1f8ea78ee5a2cc9755e8dd6ca676c"
        },
        "pipfile-spec": 6,
        "requires": {
            "python_version": "3.8"
        },
        "sources": [
            {
                "name": "pypi",
                "url": "https://pypi.org/simple",
                "verify_ssl": true
            }
        ]
    },
    "default": {
        "aggdraw": {
            "hashes": [
                "sha256:0deb75ef8b6b1cda0b96ab446f83ac9532f9400e92c90040fd2e1a6a7410d3f7",
                "sha256:0e5c5a397448f2228390336b67126de7a1b82f7421c29cd64e52d9651dac75cd",
                "sha256:1550d6e72aa3e192db3ef4417701cec2f80c8d447e413b5107afebbaa08bf83f",
                "sha256:1d6f9e08caaa3f47880fe621415637ca6cc2338caaa26f15a5e52da4b6e4dec7",
                "sha256:1d80ac6049ecd34b948947a3f5bbd98c93cdccb7870da254520cfc0bf6354584",
                "sha256:1efbeba4b87a1bf74165ac37dbd03065e14627e07ede1c4fc4e2a3f9ac681286",
                "sha256:240ede28836fb950f3fe014466d025d2992334ce88a91c4a9428f031bd4fb72b",
                "sha256:2d756cf763a20ad09759ba04f430736e15ea17d0c0129b7263e4f4d4466f1a78",
                "sha256:3410be9df76298fe054c92647b6b2282a54215ebd923b6aa9743730d285e6f1e",
                "sha256:5a775501058c3bafc8689ac7e9e99eaca74321d59d1f59ee001f0fce1d933da9",
                "sha256:605e95b6416297a6726d4b5e1ac306a874b47089c83d18a475339cac202064a3",
                "sha256:6d1034742ba69ce957d714f959ebfde4e223c3f36883bd778ae44fc092cf2abd",
                "sha256:6efd1851fc37b7e27bce86e29945251b085062a5cab0d2f344d2e042bc33c2e6",
                "sha256:82223157cbaa4d5269c81a6e8051e5574405664389918c12557eb9a194b8b9e9",
                "sha256:9fa6ce2be867c361db8d29e4118067a9628b98d3713ce48523ee470b28585b5a",
                "sha256:a249e63790a8365fd417958d56146797a010641718d7f3a0ba2056a60e30acf3",
                "sha256:aadd87f2857c2967f32a52a4662bd513fc9ea0e13b87d396829cd7f9840bc84f",
                "sha256:aef4f1b6058ee0cdb75fb737cb76143721df9d9db5323cc6074b0f89d4f5a13a",
                "sha256:b24f35a04122a7a9e4b29efb0e262da1a697b732a7c9e96cf91cd3421d70f17b",
                "sha256:bddf650a7afd182b0aa5361e4c89388b4098b435604c52398783869cfb2d96c6",
                "sha256:ce12a479b0f67697e541c4b39ec6cc452324ee367da117a8c640f292b379c213",
                "sha256:ced5dc42f011958e2febb88de31b4b1670eb7fc32f47ceb2656d5e53e8aa683e",
                "sha256:d9803aea0c06dc74ffb3b3eb19d613efe719e7c89940bcdb617ede202b390e8e",
                "sha256:de9bf710adc51c2beea569e7a0f6f402dd231531060b424660ce3ab47c9a54c6",
                "sha256:e18f26d0d095aa75b9d5c18c7cdf7fd5351424c8f0ae8d4d26e373b76c204c51",
                "sha256:e3a370503749c113d5c22f4bec0cb4df0ac7c334541e2d2afd42763baf4ec945",
                "sha256:f0d9032979bab586b61d89ef3d57e30fa4c016a020404c4005a3fecb26ec149c",
                "sha256:f8fb711422ddd48fd24f6f7e53acfa443d2ec9d81a1c4808386477d508aee9ee"
            ],
            "version": "==1.3.11"
        },
        "asgiref": {
            "hashes": [
                "sha256:7e06d934a7718bf3975acbf87780ba678957b87c7adc056f13b6215d610695a0",
                "sha256:ea448f92fc35a0ef4b1508f53a04c4670255a3f33d22a81c8fc9c872036adbe5"
            ],
            "version": "==3.2.3"
        },
        "attrs": {
            "hashes": [
                "sha256:08a96c641c3a74e44eb59afb61a24f2cb9f4d7188748e76ba4bb5edfa3cb7d1c",
                "sha256:f7b7ce16570fe9965acd6d30101a28f62fb4a7f9e926b3bbc9b61f8b04247e72"
            ],
            "version": "==19.3.0"
        },
        "django": {
            "hashes": [
                "sha256:2f1ba1db8648484dd5c238fb62504777b7ad090c81c5f1fd8d5eb5ec21b5f283",
                "sha256:c91c91a7ad6ef67a874a4f76f58ba534f9208412692a840e1d125eb5c279cb0a"
            ],
            "index": "pypi",
            "version": "==3.0.3"
        },
        "docopt": {
            "hashes": [
                "sha256:49b3a825280bd66b3aa83585ef59c4a8c82f2c8a522dbe754a8bc8d08c85c491"
            ],
            "version": "==0.6.2"
        },
        "pillow": {
            "hashes": [
                "sha256:0a628977ac2e01ca96aaae247ec2bd38e729631ddf2221b4b715446fd45505be",
                "sha256:4d9ed9a64095e031435af120d3c910148067087541131e82b3e8db302f4c8946",
                "sha256:54ebae163e8412aff0b9df1e88adab65788f5f5b58e625dc5c7f51eaf14a6837",
                "sha256:5bfef0b1cdde9f33881c913af14e43db69815c7e8df429ceda4c70a5e529210f",
                "sha256:5f3546ceb08089cedb9e8ff7e3f6a7042bb5b37c2a95d392fb027c3e53a2da00",
                "sha256:5f7ae9126d16194f114435ebb79cc536b5682002a4fa57fa7bb2cbcde65f2f4d",
                "sha256:62a889aeb0a79e50ecf5af272e9e3c164148f4bd9636cc6bcfa182a52c8b0533",
                "sha256:7406f5a9b2fd966e79e6abdaf700585a4522e98d6559ce37fc52e5c955fade0a",
                "sha256:8453f914f4e5a3d828281a6628cf517832abfa13ff50679a4848926dac7c0358",
                "sha256:87269cc6ce1e3dee11f23fa515e4249ae678dbbe2704598a51cee76c52e19cda",
                "sha256:875358310ed7abd5320f21dd97351d62de4929b0426cdb1eaa904b64ac36b435",
                "sha256:8ac6ce7ff3892e5deaab7abaec763538ffd011f74dc1801d93d3c5fc541feee2",
                "sha256:91b710e3353aea6fc758cdb7136d9bbdcb26b53cefe43e2cba953ac3ee1d3313",
                "sha256:9d2ba4ed13af381233e2d810ff3bab84ef9f18430a9b336ab69eaf3cd24299ff",
                "sha256:a62ec5e13e227399be73303ff301f2865bf68657d15ea50b038d25fc41097317",
                "sha256:ab76e5580b0ed647a8d8d2d2daee170e8e9f8aad225ede314f684e297e3643c2",
                "sha256:bf4003aa538af3f4205c5fac56eacaa67a6dd81e454ffd9e9f055fff9f1bc614",
                "sha256:bf598d2e37cf8edb1a2f26ed3fb255191f5232badea4003c16301cb94ac5bdd0",
                "sha256:c18f70dc27cc5d236f10e7834236aff60aadc71346a5bc1f4f83a4b3abee6386",
                "sha256:c5ed816632204a2fc9486d784d8e0d0ae754347aba99c811458d69fcdfd2a2f9",
                "sha256:dc058b7833184970d1248135b8b0ab702e6daa833be14035179f2acb78ff5636",
                "sha256:ff3797f2f16bf9d17d53257612da84dd0758db33935777149b3334c01ff68865"
            ],
            "index": "pypi",
            "version": "==7.0.0"
        },
        "psd-tools": {
            "hashes": [
                "sha256:0741c8cd3832c27bce99b830910dd332c1c2f9c6bd1020e1aa6d53f67d02e3dd",
                "sha256:1126ef2d57b48c05668cfeef8aff41ca6120e8794e4e798ee9558e38267b053e",
                "sha256:116b688bdf876b020fd4045968e35a1ed6212f48b367ea2c511d2508e6e43398",
                "sha256:16afd82d75d146de8a03a972a770b6411f94be690cea5d5236d9d983f989d4f7",
                "sha256:1c4eac969e975069e598546381cd5a9c56e548354b02929c44acf32a6319fa60",
                "sha256:2d4bbb8e1441096cf896b8e21657582cdc14f7c1285fc00590b0f0846a05cae7",
                "sha256:3c4cec656354cd3325e392afa23902777f675823346d09f02fa4c0760c86fa05",
                "sha256:422ec67d93527a84ddbaee0f249b13a93332aea486d5a40ba4df83145224414d",
                "sha256:44a78f8346c00a5e6318245b199133ac6182bb64b0f2ecadcbdc92bb1ec503f9",
                "sha256:473c0e13a24bd9c4d0ab1aafee09d2a0ad9b18ad9625d27ae3e108a7d277ef25",
                "sha256:49615c34f1e6968c4f3d2b4b1701804879756695eca8011d9e99fd9557162620",
                "sha256:69687c48056783e4ded0f304501a1f1aff39288c5d263ce85fc29ac1509425dd",
                "sha256:69897a064be554e2d021c5bbc73e0275f2b4969b2b30ced9f993afe820fdfbd1",
                "sha256:6cbe36a95c86db7f43a0869d6587a492c548d68b362e1424a9f26068d3f6f8ae",
                "sha256:7fa81ba38388ac1760ae61229681f46a7fc2ed96cb2d435b616873a73e668b64",
                "sha256:9ab1c7213afa5f69a7f2a8f17982576ac349604ddc1d84cad6ec328a22d5c401",
                "sha256:9b6bff2bf67d17fd511c4a55b15051ab4292bb74f92269b168b2cf275d1efa2e",
                "sha256:9fb8c2b8e9ff3a4656ad52606fcc62be2f75f9586ff7cb4bc9dc922909546128",
                "sha256:a17726b494cbd74cfbb9fac019ae9719e1087dfc1e9055e24d69068c62c790ef",
                "sha256:b04da48037d563ef7ef4006d9d5a4922a4c89106451f005764ee973630a3b813",
                "sha256:b4501ecaef9a9a8d5b6e5c4b518b14fa6505f21accd4681bef48ad9a0e413ba3",
                "sha256:b5c9a9427dba1ddc8c69200bfbb9c7551bab48c4fac6022feecda42db772ba85",
                "sha256:baadce2eee5ee7f5df79b8ac31166109f641eae19746bf96b797fe8608cd1528",
                "sha256:bf4ecfdeac3a8f8c5a36f14d3d8241236e512cde1ad196055f422c0565b2870b",
                "sha256:c9244c13d16e451c7e42f074aa0fe764806c775bba3fa667934aee679c965678",
                "sha256:d282d1144c2eb83fe97f91c231531da48ec6b8fabf4809ec52d8bcd1ddd8c701"
            ],
            "index": "pypi",
            "version": "==1.8.38"
        },
        "pytz": {
            "hashes": [
                "sha256:1c557d7d0e871de1f5ccd5833f60fb2550652da6be2693c1e02300743d21500d",
                "sha256:b02c06db6cf09c12dd25137e563b31700d3b80fcc4ad23abb7a315f2789819be"
            ],
            "index": "pypi",
            "version": "==2019.3"
        },
        "sqlparse": {
            "hashes": [
                "sha256:40afe6b8d4b1117e7dff5504d7a8ce07d9a1b15aeeade8a2d10f130a834f8177",
                "sha256:7c3dca29c022744e95b547e867cee89f4fce4373f3549ccd8797d8eb52cdb873"
            ],
            "version": "==0.3.0"
        }
    },
    "develop": {
        "autopep8": {
            "hashes": [
                "sha256:0f592a0447acea0c2b0a9602be1e4e3d86db52badd2e3c84f0193bfd89fd3a43"
            ],
            "index": "pypi",
            "version": "==1.5"
        },
        "entrypoints": {
            "hashes": [
                "sha256:589f874b313739ad35be6e0cd7efde2a4e9b6fea91edcc34e58ecbb8dbe56d19",
                "sha256:c70dd71abe5a8c85e55e12c19bd91ccfeec11a6e99044204511f9ed547d48451"
            ],
            "version": "==0.3"
        },
        "flake8": {
            "hashes": [
                "sha256:45681a117ecc81e870cbf1262835ae4af5e7a8b08e40b944a8a6e6b895914cfb",
                "sha256:49356e766643ad15072a789a20915d3c91dc89fd313ccd71802303fd67e4deca"
            ],
            "index": "pypi",
            "version": "==3.7.9"
        },
        "mccabe": {
            "hashes": [
                "sha256:ab8a6258860da4b6677da4bd2fe5dc2c659cff31b3ee4f7f5d64e79735b80d42",
                "sha256:dd8d182285a0fe56bace7f45b5e7d1a6ebcbf524e8f3bd87eb0f125271b8831f"
            ],
            "version": "==0.6.1"
        },
        "pycodestyle": {
            "hashes": [
                "sha256:95a2219d12372f05704562a14ec30bc76b05a5b297b21a5dfe3f6fac3491ae56",
                "sha256:e40a936c9a450ad81df37f549d676d127b1b66000a6c500caa2b085bc0ca976c"
            ],
            "version": "==2.5.0"
        },
        "pyflakes": {
            "hashes": [
                "sha256:17dbeb2e3f4d772725c777fabc446d5634d1038f234e77343108ce445ea69ce0",
                "sha256:d976835886f8c5b31d47970ed689944a0262b5f3afa00a5a7b4dc81e5449f8a2"
            ],
            "version": "==2.1.1"
        }
    }
}
